// !$*UTF8*$!
{
	archiveVersion = 1;
	classes = {
	};
	objectVersion = 48;
	objects = {

/* Begin PBXBuildFile section */
		0F528DF9914103E1E5EB3215 /* Pods_Chat.framework in Frameworks */ = {isa = PBXBuildFile; fileRef = 072405230AF9726EC2C7006A /* Pods_Chat.framework */; };
		849B88721F56DD25001EA395 /* AppDelegate.swift in Sources */ = {isa = PBXBuildFile; fileRef = 849B88711F56DD25001EA395 /* AppDelegate.swift */; };
		849B88771F56DD25001EA395 /* Main.storyboard in Resources */ = {isa = PBXBuildFile; fileRef = 849B88751F56DD25001EA395 /* Main.storyboard */; };
		849B88791F56DD25001EA395 /* Assets.xcassets in Resources */ = {isa = PBXBuildFile; fileRef = 849B88781F56DD25001EA395 /* Assets.xcassets */; };
		849B887C1F56DD25001EA395 /* LaunchScreen.storyboard in Resources */ = {isa = PBXBuildFile; fileRef = 849B887A1F56DD25001EA395 /* LaunchScreen.storyboard */; };
		84DE106D1F56F09900935C76 /* ChatVC.swift in Sources */ = {isa = PBXBuildFile; fileRef = 84DE106C1F56F09900935C76 /* ChatVC.swift */; };
		84DE106F1F56F0AB00935C76 /* ChannelVC.swift in Sources */ = {isa = PBXBuildFile; fileRef = 84DE106E1F56F0AB00935C76 /* ChannelVC.swift */; };
		84DE10701F56F6B500935C76 /* SWRevealViewController.m in Sources */ = {isa = PBXBuildFile; fileRef = 84DE10671F56E7C300935C76 /* SWRevealViewController.m */; };
		84DE10721F5700A600935C76 /* GradientView.swift in Sources */ = {isa = PBXBuildFile; fileRef = 84DE10711F5700A600935C76 /* GradientView.swift */; };
/* End PBXBuildFile section */

/* Begin PBXFileReference section */
		072405230AF9726EC2C7006A /* Pods_Chat.framework */ = {isa = PBXFileReference; explicitFileType = wrapper.framework; includeInIndex = 0; path = Pods_Chat.framework; sourceTree = BUILT_PRODUCTS_DIR; };
		849B886E1F56DD25001EA395 /* Chat.app */ = {isa = PBXFileReference; explicitFileType = wrapper.application; includeInIndex = 0; path = Chat.app; sourceTree = BUILT_PRODUCTS_DIR; };
		849B88711F56DD25001EA395 /* AppDelegate.swift */ = {isa = PBXFileReference; lastKnownFileType = sourcecode.swift; path = AppDelegate.swift; sourceTree = "<group>"; };
		849B88761F56DD25001EA395 /* Base */ = {isa = PBXFileReference; lastKnownFileType = file.storyboard; name = Base; path = Base.lproj/Main.storyboard; sourceTree = "<group>"; };
		849B88781F56DD25001EA395 /* Assets.xcassets */ = {isa = PBXFileReference; lastKnownFileType = folder.assetcatalog; path = Assets.xcassets; sourceTree = "<group>"; };
		849B887B1F56DD25001EA395 /* Base */ = {isa = PBXFileReference; lastKnownFileType = file.storyboard; name = Base; path = Base.lproj/LaunchScreen.storyboard; sourceTree = "<group>"; };
		849B887D1F56DD25001EA395 /* Info.plist */ = {isa = PBXFileReference; lastKnownFileType = text.plist.xml; path = Info.plist; sourceTree = "<group>"; };
		84DE10661F56E7C200935C76 /* Chat-Bridging-Header.h */ = {isa = PBXFileReference; lastKnownFileType = sourcecode.c.h; path = "Chat-Bridging-Header.h"; sourceTree = "<group>"; };
		84DE10671F56E7C300935C76 /* SWRevealViewController.m */ = {isa = PBXFileReference; lastKnownFileType = sourcecode.c.objc; path = SWRevealViewController.m; sourceTree = "<group>"; };
		84DE10681F56E7C300935C76 /* SWRevealViewController.h */ = {isa = PBXFileReference; lastKnownFileType = sourcecode.c.h; path = SWRevealViewController.h; sourceTree = "<group>"; };
		84DE106C1F56F09900935C76 /* ChatVC.swift */ = {isa = PBXFileReference; lastKnownFileType = sourcecode.swift; path = ChatVC.swift; sourceTree = "<group>"; };
		84DE106E1F56F0AB00935C76 /* ChannelVC.swift */ = {isa = PBXFileReference; lastKnownFileType = sourcecode.swift; path = ChannelVC.swift; sourceTree = "<group>"; };
		84DE10711F5700A600935C76 /* GradientView.swift */ = {isa = PBXFileReference; lastKnownFileType = sourcecode.swift; path = GradientView.swift; sourceTree = "<group>"; };
		A2FC90EC8502A7D79B3D5B58 /* Pods-Chat.debug.xcconfig */ = {isa = PBXFileReference; includeInIndex = 1; lastKnownFileType = text.xcconfig; name = "Pods-Chat.debug.xcconfig"; path = "Pods/Target Support Files/Pods-Chat/Pods-Chat.debug.xcconfig"; sourceTree = "<group>"; };
		D63F771295E3C910EE84444E /* Pods-Chat.release.xcconfig */ = {isa = PBXFileReference; includeInIndex = 1; lastKnownFileType = text.xcconfig; name = "Pods-Chat.release.xcconfig"; path = "Pods/Target Support Files/Pods-Chat/Pods-Chat.release.xcconfig"; sourceTree = "<group>"; };
/* End PBXFileReference section */

/* Begin PBXFrameworksBuildPhase section */
		849B886B1F56DD25001EA395 /* Frameworks */ = {
			isa = PBXFrameworksBuildPhase;
			buildActionMask = 2147483647;
			files = (
				0F528DF9914103E1E5EB3215 /* Pods_Chat.framework in Frameworks */,
			);
			runOnlyForDeploymentPostprocessing = 0;
		};
/* End PBXFrameworksBuildPhase section */

/* Begin PBXGroup section */
		550379BBB248399BA1D17914 /* Frameworks */ = {
			isa = PBXGroup;
			children = (
				072405230AF9726EC2C7006A /* Pods_Chat.framework */,
			);
			name = Frameworks;
			sourceTree = "<group>";
		};
		849B88651F56DD25001EA395 = {
			isa = PBXGroup;
			children = (
				849B88701F56DD25001EA395 /* Chat */,
				849B886F1F56DD25001EA395 /* Products */,
				92503CDD8CEEE63625814B8C /* Pods */,
				550379BBB248399BA1D17914 /* Frameworks */,
			);
			sourceTree = "<group>";
		};
		849B886F1F56DD25001EA395 /* Products */ = {
			isa = PBXGroup;
			children = (
				849B886E1F56DD25001EA395 /* Chat.app */,
			);
			name = Products;
			sourceTree = "<group>";
		};
		849B88701F56DD25001EA395 /* Chat */ = {
			isa = PBXGroup;
			children = (
				84DE106B1F56EF4600935C76 /* Model */,
				84DE106A1F56EF3B00935C76 /* View */,
				84DE10691F56EF3200935C76 /* Controller */,
				84DE10651F56E77800935C76 /* Supporting Files */,
				849B88711F56DD25001EA395 /* AppDelegate.swift */,
				849B88751F56DD25001EA395 /* Main.storyboard */,
				849B88781F56DD25001EA395 /* Assets.xcassets */,
				849B887A1F56DD25001EA395 /* LaunchScreen.storyboard */,
				849B887D1F56DD25001EA395 /* Info.plist */,
			);
			path = Chat;
			sourceTree = "<group>";
		};
		84DE10651F56E77800935C76 /* Supporting Files */ = {
			isa = PBXGroup;
			children = (
				84DE10681F56E7C300935C76 /* SWRevealViewController.h */,
				84DE10671F56E7C300935C76 /* SWRevealViewController.m */,
				84DE10661F56E7C200935C76 /* Chat-Bridging-Header.h */,
			);
			path = "Supporting Files";
			sourceTree = "<group>";
		};
		84DE10691F56EF3200935C76 /* Controller */ = {
			isa = PBXGroup;
			children = (
				84DE106C1F56F09900935C76 /* ChatVC.swift */,
				84DE106E1F56F0AB00935C76 /* ChannelVC.swift */,
			);
			path = Controller;
			sourceTree = "<group>";
		};
		84DE106A1F56EF3B00935C76 /* View */ = {
			isa = PBXGroup;
			children = (
				84DE10711F5700A600935C76 /* GradientView.swift */,
			);
			path = View;
			sourceTree = "<group>";
		};
		84DE106B1F56EF4600935C76 /* Model */ = {
			isa = PBXGroup;
			children = (
			);
			path = Model;
			sourceTree = "<group>";
		};
		92503CDD8CEEE63625814B8C /* Pods */ = {
			isa = PBXGroup;
			children = (
				A2FC90EC8502A7D79B3D5B58 /* Pods-Chat.debug.xcconfig */,
				D63F771295E3C910EE84444E /* Pods-Chat.release.xcconfig */,
			);
			name = Pods;
			sourceTree = "<group>";
		};
/* End PBXGroup section */

/* Begin PBXNativeTarget section */
		849B886D1F56DD25001EA395 /* Chat */ = {
			isa = PBXNativeTarget;
			buildConfigurationList = 849B88801F56DD25001EA395 /* Build configuration list for PBXNativeTarget "Chat" */;
			buildPhases = (
				86FA7FA50C46F9E5AF3F8647 /* [CP] Check Pods Manifest.lock */,
				849B886A1F56DD25001EA395 /* Sources */,
				849B886B1F56DD25001EA395 /* Frameworks */,
				849B886C1F56DD25001EA395 /* Resources */,
				AFBEEF8E3101D531E5F89B87 /* [CP] Embed Pods Frameworks */,
				6FC9422C823CCCB118BC7634 /* [CP] Copy Pods Resources */,
			);
			buildRules = (
			);
			dependencies = (
			);
			name = Chat;
			productName = Chat;
			productReference = 849B886E1F56DD25001EA395 /* Chat.app */;
			productType = "com.apple.product-type.application";
		};
/* End PBXNativeTarget section */

/* Begin PBXProject section */
		849B88661F56DD25001EA395 /* Project object */ = {
			isa = PBXProject;
			attributes = {
				LastSwiftUpdateCheck = 0900;
				LastUpgradeCheck = 0900;
				ORGANIZATIONNAME = admin;
				TargetAttributes = {
					849B886D1F56DD25001EA395 = {
						CreatedOnToolsVersion = 9.0;
						LastSwiftMigration = 0900;
						ProvisioningStyle = Automatic;
					};
				};
			};
			buildConfigurationList = 849B88691F56DD25001EA395 /* Build configuration list for PBXProject "Chat" */;
			compatibilityVersion = "Xcode 8.0";
			developmentRegion = en;
			hasScannedForEncodings = 0;
			knownRegions = (
				en,
				Base,
			);
			mainGroup = 849B88651F56DD25001EA395;
			productRefGroup = 849B886F1F56DD25001EA395 /* Products */;
			projectDirPath = "";
			projectRoot = "";
			targets = (
				849B886D1F56DD25001EA395 /* Chat */,
			);
		};
/* End PBXProject section */

/* Begin PBXResourcesBuildPhase section */
		849B886C1F56DD25001EA395 /* Resources */ = {
			isa = PBXResourcesBuildPhase;
			buildActionMask = 2147483647;
			files = (
				849B887C1F56DD25001EA395 /* LaunchScreen.storyboard in Resources */,
				849B88791F56DD25001EA395 /* Assets.xcassets in Resources */,
				849B88771F56DD25001EA395 /* Main.storyboard in Resources */,
			);
			runOnlyForDeploymentPostprocessing = 0;
		};
/* End PBXResourcesBuildPhase section */

/* Begin PBXShellScriptBuildPhase section */
		6FC9422C823CCCB118BC7634 /* [CP] Copy Pods Resources */ = {
			isa = PBXShellScriptBuildPhase;
			buildActionMask = 2147483647;
			files = (
			);
			inputPaths = (
			);
			name = "[CP] Copy Pods Resources";
			outputPaths = (
			);
			runOnlyForDeploymentPostprocessing = 0;
			shellPath = /bin/sh;
			shellScript = "\"${SRCROOT}/Pods/Target Support Files/Pods-Chat/Pods-Chat-resources.sh\"\n";
			showEnvVarsInLog = 0;
		};
		86FA7FA50C46F9E5AF3F8647 /* [CP] Check Pods Manifest.lock */ = {
			isa = PBXShellScriptBuildPhase;
			buildActionMask = 2147483647;
			files = (
			);
			inputPaths = (
			);
			name = "[CP] Check Pods Manifest.lock";
			outputPaths = (
			);
			runOnlyForDeploymentPostprocessing = 0;
			shellPath = /bin/sh;
			shellScript = "diff \"${PODS_ROOT}/../Podfile.lock\" \"${PODS_ROOT}/Manifest.lock\" > /dev/null\nif [ $? != 0 ] ; then\n    # print error to STDERR\n    echo \"error: The sandbox is not in sync with the Podfile.lock. Run 'pod install' or update your CocoaPods installation.\" >&2\n    exit 1\nfi\n";
			showEnvVarsInLog = 0;
		};
		AFBEEF8E3101D531E5F89B87 /* [CP] Embed Pods Frameworks */ = {
			isa = PBXShellScriptBuildPhase;
			buildActionMask = 2147483647;
			files = (
			);
			inputPaths = (
			);
			name = "[CP] Embed Pods Frameworks";
			outputPaths = (
			);
			runOnlyForDeploymentPostprocessing = 0;
			shellPath = /bin/sh;
			shellScript = "\"${SRCROOT}/Pods/Target Support Files/Pods-Chat/Pods-Chat-frameworks.sh\"\n";
			showEnvVarsInLog = 0;
		};
/* End PBXShellScriptBuildPhase section */

/* Begin PBXSourcesBuildPhase section */
		849B886A1F56DD25001EA395 /* Sources */ = {
			isa = PBXSourcesBuildPhase;
			buildActionMask = 2147483647;
			files = (
				84DE106D1F56F09900935C76 /* ChatVC.swift in Sources */,
				84DE106F1F56F0AB00935C76 /* ChannelVC.swift in Sources */,
				84DE10721F5700A600935C76 /* GradientView.swift in Sources */,
				849B88721F56DD25001EA395 /* AppDelegate.swift in Sources */,
				84DE10701F56F6B500935C76 /* SWRevealViewController.m in Sources */,
			);
			runOnlyForDeploymentPostprocessing = 0;
		};
/* End PBXSourcesBuildPhase section */

/* Begin PBXVariantGroup section */
		849B88751F56DD25001EA395 /* Main.storyboard */ = {
			isa = PBXVariantGroup;
			children = (
				849B88761F56DD25001EA395 /* Base */,
			);
			name = Main.storyboard;
			sourceTree = "<group>";
		};
		849B887A1F56DD25001EA395 /* LaunchScreen.storyboard */ = {
			isa = PBXVariantGroup;
			children = (
				849B887B1F56DD25001EA395 /* Base */,
			);
			name = LaunchScreen.storyboard;
			sourceTree = "<group>";
		};
/* End PBXVariantGroup section */

/* Begin XCBuildConfiguration section */
		849B887E1F56DD25001EA395 /* Debug */ = {
			isa = XCBuildConfiguration;
			buildSettings = {
				ALWAYS_SEARCH_USER_PATHS = NO;
				CLANG_ANALYZER_NONNULL = YES;
				CLANG_ANALYZER_NUMBER_OBJECT_CONVERSION = YES_AGGRESSIVE;
				CLANG_CXX_LANGUAGE_STANDARD = "gnu++14";
				CLANG_CXX_LIBRARY = "libc++";
				CLANG_ENABLE_MODULES = YES;
				CLANG_ENABLE_OBJC_ARC = YES;
				CLANG_WARN_BLOCK_CAPTURE_AUTORELEASING = YES;
				CLANG_WARN_BOOL_CONVERSION = YES;
				CLANG_WARN_COMMA = YES;
				CLANG_WARN_CONSTANT_CONVERSION = YES;
				CLANG_WARN_DIRECT_OBJC_ISA_USAGE = YES_ERROR;
				CLANG_WARN_DOCUMENTATION_COMMENTS = YES;
				CLANG_WARN_EMPTY_BODY = YES;
				CLANG_WARN_ENUM_CONVERSION = YES;
				CLANG_WARN_INFINITE_RECURSION = YES;
				CLANG_WARN_INT_CONVERSION = YES;
				CLANG_WARN_NON_LITERAL_NULL_CONVERSION = YES;
				CLANG_WARN_OBJC_LITERAL_CONVERSION = YES;
				CLANG_WARN_OBJC_ROOT_CLASS = YES_ERROR;
				CLANG_WARN_RANGE_LOOP_ANALYSIS = YES;
				CLANG_WARN_STRICT_PROTOTYPES = YES;
				CLANG_WARN_SUSPICIOUS_MOVE = YES;
				CLANG_WARN_UNGUARDED_AVAILABILITY = YES_AGGRESSIVE;
				CLANG_WARN_UNREACHABLE_CODE = YES;
				CLANG_WARN__DUPLICATE_METHOD_MATCH = YES;
				CODE_SIGN_IDENTITY = "iPhone Developer";
				COPY_PHASE_STRIP = NO;
				DEBUG_INFORMATION_FORMAT = dwarf;
				ENABLE_STRICT_OBJC_MSGSEND = YES;
				ENABLE_TESTABILITY = YES;
				GCC_C_LANGUAGE_STANDARD = gnu11;
				GCC_DYNAMIC_NO_PIC = NO;
				GCC_NO_COMMON_BLOCKS = YES;
				GCC_OPTIMIZATION_LEVEL = 0;
				GCC_PREPROCESSOR_DEFINITIONS = (
					"DEBUG=1",
					"$(inherited)",
				);
				GCC_WARN_64_TO_32_BIT_CONVERSION = YES;
				GCC_WARN_ABOUT_RETURN_TYPE = YES_ERROR;
				GCC_WARN_UNDECLARED_SELECTOR = YES;
				GCC_WARN_UNINITIALIZED_AUTOS = YES_AGGRESSIVE;
				GCC_WARN_UNUSED_FUNCTION = YES;
				GCC_WARN_UNUSED_VARIABLE = YES;
				IPHONEOS_DEPLOYMENT_TARGET = 11.0;
				MTL_ENABLE_DEBUG_INFO = YES;
				ONLY_ACTIVE_ARCH = YES;
				SDKROOT = iphoneos;
				SWIFT_ACTIVE_COMPILATION_CONDITIONS = DEBUG;
				SWIFT_OPTIMIZATION_LEVEL = "-Onone";
			};
			name = Debug;
		};
		849B887F1F56DD25001EA395 /* Release */ = {
			isa = XCBuildConfiguration;
			buildSettings = {
				ALWAYS_SEARCH_USER_PATHS = NO;
				CLANG_ANALYZER_NONNULL = YES;
				CLANG_ANALYZER_NUMBER_OBJECT_CONVERSION = YES_AGGRESSIVE;
				CLANG_CXX_LANGUAGE_STANDARD = "gnu++14";
				CLANG_CXX_LIBRARY = "libc++";
				CLANG_ENABLE_MODULES = YES;
				CLANG_ENABLE_OBJC_ARC = YES;
				CLANG_WARN_BLOCK_CAPTURE_AUTORELEASING = YES;
				CLANG_WARN_BOOL_CONVERSION = YES;
				CLANG_WARN_COMMA = YES;
				CLANG_WARN_CONSTANT_CONVERSION = YES;
				CLANG_WARN_DIRECT_OBJC_ISA_USAGE = YES_ERROR;
				CLANG_WARN_DOCUMENTATION_COMMENTS = YES;
				CLANG_WARN_EMPTY_BODY = YES;
				CLANG_WARN_ENUM_CONVERSION = YES;
				CLANG_WARN_INFINITE_RECURSION = YES;
				CLANG_WARN_INT_CONVERSION = YES;
				CLANG_WARN_NON_LITERAL_NULL_CONVERSION = YES;
				CLANG_WARN_OBJC_LITERAL_CONVERSION = YES;
				CLANG_WARN_OBJC_ROOT_CLASS = YES_ERROR;
				CLANG_WARN_RANGE_LOOP_ANALYSIS = YES;
				CLANG_WARN_STRICT_PROTOTYPES = YES;
				CLANG_WARN_SUSPICIOUS_MOVE = YES;
				CLANG_WARN_UNGUARDED_AVAILABILITY = YES_AGGRESSIVE;
				CLANG_WARN_UNREACHABLE_CODE = YES;
				CLANG_WARN__DUPLICATE_METHOD_MATCH = YES;
				CODE_SIGN_IDENTITY = "iPhone Developer";
				COPY_PHASE_STRIP = NO;
				DEBUG_INFORMATION_FORMAT = "dwarf-with-dsym";
				ENABLE_NS_ASSERTIONS = NO;
				ENABLE_STRICT_OBJC_MSGSEND = YES;
				GCC_C_LANGUAGE_STANDARD = gnu11;
				GCC_NO_COMMON_BLOCKS = YES;
				GCC_WARN_64_TO_32_BIT_CONVERSION = YES;
				GCC_WARN_ABOUT_RETURN_TYPE = YES_ERROR;
				GCC_WARN_UNDECLARED_SELECTOR = YES;
				GCC_WARN_UNINITIALIZED_AUTOS = YES_AGGRESSIVE;
				GCC_WARN_UNUSED_FUNCTION = YES;
				GCC_WARN_UNUSED_VARIABLE = YES;
				IPHONEOS_DEPLOYMENT_TARGET = 11.0;
				MTL_ENABLE_DEBUG_INFO = NO;
				SDKROOT = iphoneos;
				SWIFT_OPTIMIZATION_LEVEL = "-Owholemodule";
				VALIDATE_PRODUCT = YES;
			};
			name = Release;
		};
		849B88811F56DD25001EA395 /* Debug */ = {
			isa = XCBuildConfiguration;
			baseConfigurationReference = A2FC90EC8502A7D79B3D5B58 /* Pods-Chat.debug.xcconfig */;
			buildSettings = {
				ASSETCATALOG_COMPILER_APPICON_NAME = AppIcon;
				CLANG_ENABLE_MODULES = YES;
				CODE_SIGN_STYLE = Automatic;
				INFOPLIST_FILE = Chat/Info.plist;
				LD_RUNPATH_SEARCH_PATHS = "$(inherited) @executable_path/Frameworks";
				PRODUCT_BUNDLE_IDENTIFIER = pro.Chat;
				PRODUCT_NAME = "$(TARGET_NAME)";
				SWIFT_OBJC_BRIDGING_HEADER = "Chat/Supporting Files/Chat-Bridging-Header.h";
				SWIFT_OPTIMIZATION_LEVEL = "-Onone";
				SWIFT_VERSION = 4.0;
				TARGETED_DEVICE_FAMILY = "1,2";
			};
			name = Debug;
		};
		849B88821F56DD25001EA395 /* Release */ = {
			isa = XCBuildConfiguration;
			baseConfigurationReference = D63F771295E3C910EE84444E /* Pods-Chat.release.xcconfig */;
			buildSettings = {
				ASSETCATALOG_COMPILER_APPICON_NAME = AppIcon;
				CLANG_ENABLE_MODULES = YES;
				CODE_SIGN_STYLE = Automatic;
				INFOPLIST_FILE = Chat/Info.plist;
				LD_RUNPATH_SEARCH_PATHS = "$(inherited) @executable_path/Frameworks";
				PRODUCT_BUNDLE_IDENTIFIER = pro.Chat;
				PRODUCT_NAME = "$(TARGET_NAME)";
				SWIFT_OBJC_BRIDGING_HEADER = "Chat/Supporting Files/Chat-Bridging-Header.h";
				SWIFT_VERSION = 4.0;
				TARGETED_DEVICE_FAMILY = "1,2";
			};
			name = Release;
		};
/* End XCBuildConfiguration section */

/* Begin XCConfigurationList section */
		849B88691F56DD25001EA395 /* Build configuration list for PBXProject "Chat" */ = {
			isa = XCConfigurationList;
			buildConfigurations = (
				849B887E1F56DD25001EA395 /* Debug */,
				849B887F1F56DD25001EA395 /* Release */,
			);
			defaultConfigurationIsVisible = 0;
			defaultConfigurationName = Release;
		};
		849B88801F56DD25001EA395 /* Build configuration list for PBXNativeTarget "Chat" */ = {
			isa = XCConfigurationList;
			buildConfigurations = (
				849B88811F56DD25001EA395 /* Debug */,
				849B88821F56DD25001EA395 /* Release */,
			);
			defaultConfigurationIsVisible = 0;
			defaultConfigurationName = Release;
		};
/* End XCConfigurationList section */
	};
	rootObject = 849B88661F56DD25001EA395 /* Project object */;
}
